
Microsoft Visual Studio Solution File, Format Version 12.00
# Visual Studio 15
VisualStudioVersion = 15.0.28010.2026
MinimumVisualStudioVersion = 10.0.40219.1
Project("{9A19103F-16F7-4668-BE54-9A1E7A4F7556}") = "FlubuCore.Azure", "FlubuCore.Azure\FlubuCore.Azure.csproj", "{91E03D4A-3B43-474E-B434-0935A33B0DFE}"
EndProject
Project("{FAE04EC0-301F-11D3-BF4B-00C04F79EFBC}") = "FlubuCore.Azure.Tests", "FlubuCore.Azure.Tests\FlubuCore.Azure.Tests.csproj", "{C88E6B7E-2C91-47C6-9801-E3EFF4A190B2}"
EndProject
Global
	GlobalSection(SolutionConfigurationPlatforms) = preSolution
		Debug|Any CPU = Debug|Any CPU
		Release|Any CPU = Release|Any CPU
	EndGlobalSection
	GlobalSection(ProjectConfigurationPlatforms) = postSolution
		{91E03D4A-3B43-474E-B434-0935A33B0DFE}.Debug|Any CPU.ActiveCfg = Debug|Any CPU
		{91E03D4A-3B43-474E-B434-0935A33B0DFE}.Debug|Any CPU.Build.0 = Debug|Any CPU
		{91E03D4A-3B43-474E-B434-0935A33B0DFE}.Release|Any CPU.ActiveCfg = Release|Any CPU
		{91E03D4A-3B43-474E-B434-0935A33B0DFE}.Release|Any CPU.Build.0 = Release|Any CPU
		{C88E6B7E-2C91-47C6-9801-E3EFF4A190B2}.Debug|Any CPU.ActiveCfg = Debug|Any CPU
		{C88E6B7E-2C91-47C6-9801-E3EFF4A190B2}.Debug|Any CPU.Build.0 = Debug|Any CPU
		{C88E6B7E-2C91-47C6-9801-E3EFF4A190B2}.Release|Any CPU.ActiveCfg = Release|Any CPU
		{C88E6B7E-2C91-47C6-9801-E3EFF4A190B2}.Release|Any CPU.Build.0 = Release|Any CPU
	EndGlobalSection
	GlobalSection(SolutionProperties) = preSolution
		HideSolutionNode = FALSE
	EndGlobalSection
	GlobalSection(ExtensibilityGlobals) = postSolution
		SolutionGuid = {CAF4BCF7-F69C-4D93-91B8-A63C54A1A47A}
	EndGlobalSection
EndGlobal
